
Microsoft Visual Studio Solution File, Format Version 12.00
# Visual Studio Version 17
VisualStudioVersion = 17.4.33205.214
MinimumVisualStudioVersion = 10.0.40219.1
Project("{FAE04EC0-301F-11D3-BF4B-00C04F79EFBC}") = "prak8.spiski.ptpm", "prak8.spiski.ptpm\prak8.spiski.ptpm.csproj", "{46E93578-F0AF-4460-8564-0DC918136064}"
EndProject
Global
	GlobalSection(SolutionConfigurationPlatforms) = preSolution
		Debug|Any CPU = Debug|Any CPU
		Release|Any CPU = Release|Any CPU
	EndGlobalSection
	GlobalSection(ProjectConfigurationPlatforms) = postSolution
		{46E93578-F0AF-4460-8564-0DC918136064}.Debug|Any CPU.ActiveCfg = Debug|Any CPU
		{46E93578-F0AF-4460-8564-0DC918136064}.Debug|Any CPU.Build.0 = Debug|Any CPU
		{46E93578-F0AF-4460-8564-0DC918136064}.Release|Any CPU.ActiveCfg = Release|Any CPU
		{46E93578-F0AF-4460-8564-0DC918136064}.Release|Any CPU.Build.0 = Release|Any CPU
	EndGlobalSection
	GlobalSection(SolutionProperties) = preSolution
		HideSolutionNode = FALSE
	EndGlobalSection
	GlobalSection(ExtensibilityGlobals) = postSolution
		SolutionGuid = {CE9DFB34-1A3E-4F6C-9E68-4B438103FF0D}
	EndGlobalSection
EndGlobal
